
Microsoft Visual Studio Solution File, Format Version 12.00
# Visual Studio Version 17
VisualStudioVersion = 17.6.33712.159
MinimumVisualStudioVersion = 10.0.40219.1
Project("{FAE04EC0-301F-11D3-BF4B-00C04F79EFBC}") = "MoneyApp_Api", "MoneyApp_Api.csproj", "{C280575D-F19A-4494-8311-4152417BD3BA}"
EndProject
Global
	GlobalSection(SolutionConfigurationPlatforms) = preSolution
		Debug|Any CPU = Debug|Any CPU
		Release|Any CPU = Release|Any CPU
	EndGlobalSection
	GlobalSection(ProjectConfigurationPlatforms) = postSolution
		{C280575D-F19A-4494-8311-4152417BD3BA}.Debug|Any CPU.ActiveCfg = Debug|Any CPU
		{C280575D-F19A-4494-8311-4152417BD3BA}.Debug|Any CPU.Build.0 = Debug|Any CPU
		{C280575D-F19A-4494-8311-4152417BD3BA}.Release|Any CPU.ActiveCfg = Release|Any CPU
		{C280575D-F19A-4494-8311-4152417BD3BA}.Release|Any CPU.Build.0 = Release|Any CPU
	EndGlobalSection
	GlobalSection(SolutionProperties) = preSolution
		HideSolutionNode = FALSE
	EndGlobalSection
	GlobalSection(ExtensibilityGlobals) = postSolution
		SolutionGuid = {8CA9AAFA-2E69-4463-9D10-E9CE283A7D44}
	EndGlobalSection
EndGlobal
